
Microsoft Visual Studio Solution File, Format Version 12.00
# Visual Studio Version 17
VisualStudioVersion = 17.4.33205.214
MinimumVisualStudioVersion = 10.0.40219.1
Project("{FAE04EC0-301F-11D3-BF4B-00C04F79EFBC}") = "Calc", "Calc\Calc.csproj", "{AD5AD52C-7419-4F9B-A4DB-090BADFBEB27}"
EndProject
Global
	GlobalSection(SolutionConfigurationPlatforms) = preSolution
		Debug|Any CPU = Debug|Any CPU
		Release|Any CPU = Release|Any CPU
	EndGlobalSection
	GlobalSection(ProjectConfigurationPlatforms) = postSolution
		{AD5AD52C-7419-4F9B-A4DB-090BADFBEB27}.Debug|Any CPU.ActiveCfg = Debug|Any CPU
		{AD5AD52C-7419-4F9B-A4DB-090BADFBEB27}.Debug|Any CPU.Build.0 = Debug|Any CPU
		{AD5AD52C-7419-4F9B-A4DB-090BADFBEB27}.Release|Any CPU.ActiveCfg = Release|Any CPU
		{AD5AD52C-7419-4F9B-A4DB-090BADFBEB27}.Release|Any CPU.Build.0 = Release|Any CPU
	EndGlobalSection
	GlobalSection(SolutionProperties) = preSolution
		HideSolutionNode = FALSE
	EndGlobalSection
	GlobalSection(ExtensibilityGlobals) = postSolution
		SolutionGuid = {0DA48B1B-D7E8-4493-9FC8-2511B5F5EB52}
	EndGlobalSection
EndGlobal
